
Microsoft Visual Studio Solution File, Format Version 12.00
# Visual Studio Version 17
VisualStudioVersion = 17.7.34031.279
MinimumVisualStudioVersion = 10.0.40219.1
Project("{FAE04EC0-301F-11D3-BF4B-00C04F79EFBC}") = "FactoryDesignPatternEx", "FactoryDesignPatternEx\FactoryDesignPatternEx.csproj", "{8D4829FC-5620-497D-83D6-8F06D1172764}"
EndProject
Project("{2150E333-8FDC-42A3-9474-1A3956D46DE8}") = "Solution Items", "Solution Items", "{9FCADC99-71D3-4B70-A4AA-99942D9BEC08}"
	ProjectSection(SolutionItems) = preProject
		.editorconfig = .editorconfig
	EndProjectSection
EndProject
Project("{FAE04EC0-301F-11D3-BF4B-00C04F79EFBC}") = "AbstractFactoryDesignPatternEx", "AbstractFactoryDesignPatternEx\AbstractFactoryDesignPatternEx.csproj", "{CA265EE6-AC66-42E1-8DF8-A069FBE13A4E}"
EndProject
Project("{FAE04EC0-301F-11D3-BF4B-00C04F79EFBC}") = "BuilderDesignPatternEx", "BuilderDesignPatternEx\BuilderDesignPatternEx.csproj", "{7E874473-FCF5-4819-889D-FACC9D352C77}"
EndProject
Project("{FAE04EC0-301F-11D3-BF4B-00C04F79EFBC}") = "PrototypeDesignPatternEx", "PrototypeDesignPatternEx\PrototypeDesignPatternEx.csproj", "{CDD8C2DB-1A01-492C-9887-A31946487830}"
EndProject
Global
	GlobalSection(SolutionConfigurationPlatforms) = preSolution
		Debug|Any CPU = Debug|Any CPU
		Release|Any CPU = Release|Any CPU
	EndGlobalSection
	GlobalSection(ProjectConfigurationPlatforms) = postSolution
		{8D4829FC-5620-497D-83D6-8F06D1172764}.Debug|Any CPU.ActiveCfg = Debug|Any CPU
		{8D4829FC-5620-497D-83D6-8F06D1172764}.Debug|Any CPU.Build.0 = Debug|Any CPU
		{8D4829FC-5620-497D-83D6-8F06D1172764}.Release|Any CPU.ActiveCfg = Release|Any CPU
		{8D4829FC-5620-497D-83D6-8F06D1172764}.Release|Any CPU.Build.0 = Release|Any CPU
		{CA265EE6-AC66-42E1-8DF8-A069FBE13A4E}.Debug|Any CPU.ActiveCfg = Debug|Any CPU
		{CA265EE6-AC66-42E1-8DF8-A069FBE13A4E}.Debug|Any CPU.Build.0 = Debug|Any CPU
		{CA265EE6-AC66-42E1-8DF8-A069FBE13A4E}.Release|Any CPU.ActiveCfg = Release|Any CPU
		{CA265EE6-AC66-42E1-8DF8-A069FBE13A4E}.Release|Any CPU.Build.0 = Release|Any CPU
		{7E874473-FCF5-4819-889D-FACC9D352C77}.Debug|Any CPU.ActiveCfg = Debug|Any CPU
		{7E874473-FCF5-4819-889D-FACC9D352C77}.Debug|Any CPU.Build.0 = Debug|Any CPU
		{7E874473-FCF5-4819-889D-FACC9D352C77}.Release|Any CPU.ActiveCfg = Release|Any CPU
		{7E874473-FCF5-4819-889D-FACC9D352C77}.Release|Any CPU.Build.0 = Release|Any CPU
		{CDD8C2DB-1A01-492C-9887-A31946487830}.Debug|Any CPU.ActiveCfg = Debug|Any CPU
		{CDD8C2DB-1A01-492C-9887-A31946487830}.Debug|Any CPU.Build.0 = Debug|Any CPU
		{CDD8C2DB-1A01-492C-9887-A31946487830}.Release|Any CPU.ActiveCfg = Release|Any CPU
		{CDD8C2DB-1A01-492C-9887-A31946487830}.Release|Any CPU.Build.0 = Release|Any CPU
	EndGlobalSection
	GlobalSection(SolutionProperties) = preSolution
		HideSolutionNode = FALSE
	EndGlobalSection
	GlobalSection(ExtensibilityGlobals) = postSolution
		SolutionGuid = {D5A0115E-7AC0-4E2D-9805-A1C6BAC278D9}
	EndGlobalSection
EndGlobal
